// !$*UTF8*$!
{
	archiveVersion = 1;
	classes = {
	};
	objectVersion = 50;
	objects = {

/* Begin PBXBuildFile section */
		142814BD24C2DE7800D917A9 /* TTNavigationController.m in Sources */ = {isa = PBXBuildFile; fileRef = 142814BC24C2DE7800D917A9 /* TTNavigationController.m */; };
		14880B8524C28E51007F4139 /* SceneDelegate.m in Sources */ = {isa = PBXBuildFile; fileRef = 14880B5E24C28E51007F4139 /* SceneDelegate.m */; };
		14880B8624C28E51007F4139 /* AppDelegate.m in Sources */ = {isa = PBXBuildFile; fileRef = 14880B5F24C28E51007F4139 /* AppDelegate.m */; };
		14880B8924C29580007F4139 /* Hall.storyboard in Resources */ = {isa = PBXBuildFile; fileRef = 14880B8824C29580007F4139 /* Hall.storyboard */; };
		14880B8B24C29676007F4139 /* Mylottery.storyboard in Resources */ = {isa = PBXBuildFile; fileRef = 14880B8A24C29676007F4139 /* Mylottery.storyboard */; };
		14880B8D24C296A0007F4139 /* Discovery.storyboard in Resources */ = {isa = PBXBuildFile; fileRef = 14880B8C24C296A0007F4139 /* Discovery.storyboard */; };
		14880B8F24C296D9007F4139 /* History.storyboard in Resources */ = {isa = PBXBuildFile; fileRef = 14880B8E24C296D9007F4139 /* History.storyboard */; };
		14880B9324C29701007F4139 /* Arena.storyboard in Resources */ = {isa = PBXBuildFile; fileRef = 14880B9224C29701007F4139 /* Arena.storyboard */; };
		14BBDF4424C28B99006C2B22 /* __App_____.xcdatamodeld in Sources */ = {isa = PBXBuildFile; fileRef = 14BBDF4224C28B99006C2B22 /* __App_____.xcdatamodeld */; };
		14BBDF4624C28B9A006C2B22 /* Assets.xcassets in Resources */ = {isa = PBXBuildFile; fileRef = 14BBDF4524C28B9A006C2B22 /* Assets.xcassets */; };
		14BBDF4924C28B9A006C2B22 /* LaunchScreen.storyboard in Resources */ = {isa = PBXBuildFile; fileRef = 14BBDF4724C28B9A006C2B22 /* LaunchScreen.storyboard */; };
		14BBDF4C24C28B9A006C2B22 /* main.m in Sources */ = {isa = PBXBuildFile; fileRef = 14BBDF4B24C28B9A006C2B22 /* main.m */; };
		14C6798324C2A47B00437167 /* TTTabBarController.m in Sources */ = {isa = PBXBuildFile; fileRef = 14C6798224C2A47B00437167 /* TTTabBarController.m */; };
		14C6798624C2D5A700437167 /* TTTabBar.m in Sources */ = {isa = PBXBuildFile; fileRef = 14C6798524C2D5A600437167 /* TTTabBar.m */; };
/* End PBXBuildFile section */

/* Begin PBXFileReference section */
		142814BB24C2DE7800D917A9 /* TTNavigationController.h */ = {isa = PBXFileReference; lastKnownFileType = sourcecode.c.h; path = TTNavigationController.h; sourceTree = "<group>"; };
		142814BC24C2DE7800D917A9 /* TTNavigationController.m */ = {isa = PBXFileReference; lastKnownFileType = sourcecode.c.objc; path = TTNavigationController.m; sourceTree = "<group>"; };
		14880B5D24C28E51007F4139 /* AppDelegate.h */ = {isa = PBXFileReference; fileEncoding = 4; lastKnownFileType = sourcecode.c.h; path = AppDelegate.h; sourceTree = "<group>"; };
		14880B5E24C28E51007F4139 /* SceneDelegate.m */ = {isa = PBXFileReference; fileEncoding = 4; lastKnownFileType = sourcecode.c.objc; path = SceneDelegate.m; sourceTree = "<group>"; };
		14880B5F24C28E51007F4139 /* AppDelegate.m */ = {isa = PBXFileReference; fileEncoding = 4; lastKnownFileType = sourcecode.c.objc; path = AppDelegate.m; sourceTree = "<group>"; };
		14880B6024C28E51007F4139 /* SceneDelegate.h */ = {isa = PBXFileReference; fileEncoding = 4; lastKnownFileType = sourcecode.c.h; path = SceneDelegate.h; sourceTree = "<group>"; };
		14880B8724C290A9007F4139 /* PrefixHeader.pch */ = {isa = PBXFileReference; lastKnownFileType = sourcecode.c.h; path = PrefixHeader.pch; sourceTree = "<group>"; };
		14880B8824C29580007F4139 /* Hall.storyboard */ = {isa = PBXFileReference; lastKnownFileType = file.storyboard; path = Hall.storyboard; sourceTree = "<group>"; };
		14880B8A24C29676007F4139 /* Mylottery.storyboard */ = {isa = PBXFileReference; lastKnownFileType = file.storyboard; path = Mylottery.storyboard; sourceTree = "<group>"; };
		14880B8C24C296A0007F4139 /* Discovery.storyboard */ = {isa = PBXFileReference; lastKnownFileType = file.storyboard; path = Discovery.storyboard; sourceTree = "<group>"; };
		14880B8E24C296D9007F4139 /* History.storyboard */ = {isa = PBXFileReference; lastKnownFileType = file.storyboard; path = History.storyboard; sourceTree = "<group>"; };
		14880B9224C29701007F4139 /* Arena.storyboard */ = {isa = PBXFileReference; lastKnownFileType = file.storyboard; path = Arena.storyboard; sourceTree = "<group>"; };
		14BBDF3324C28B99006C2B22 /* 彩票App-基本框架.app */ = {isa = PBXFileReference; explicitFileType = wrapper.application; includeInIndex = 0; path = "彩票App-基本框架.app"; sourceTree = BUILT_PRODUCTS_DIR; };
		14BBDF4324C28B99006C2B22 /* __App_____.xcdatamodel */ = {isa = PBXFileReference; lastKnownFileType = wrapper.xcdatamodel; path = "__App_____.xcdatamodel"; sourceTree = "<group>"; };
		14BBDF4524C28B9A006C2B22 /* Assets.xcassets */ = {isa = PBXFileReference; lastKnownFileType = folder.assetcatalog; path = Assets.xcassets; sourceTree = "<group>"; };
		14BBDF4824C28B9A006C2B22 /* Base */ = {isa = PBXFileReference; lastKnownFileType = file.storyboard; name = Base; path = Base.lproj/LaunchScreen.storyboard; sourceTree = "<group>"; };
		14BBDF4A24C28B9A006C2B22 /* Info.plist */ = {isa = PBXFileReference; lastKnownFileType = text.plist.xml; path = Info.plist; sourceTree = "<group>"; };
		14BBDF4B24C28B9A006C2B22 /* main.m */ = {isa = PBXFileReference; lastKnownFileType = sourcecode.c.objc; path = main.m; sourceTree = "<group>"; };
		14C6798124C2A47B00437167 /* TTTabBarController.h */ = {isa = PBXFileReference; lastKnownFileType = sourcecode.c.h; path = TTTabBarController.h; sourceTree = "<group>"; };
		14C6798224C2A47B00437167 /* TTTabBarController.m */ = {isa = PBXFileReference; lastKnownFileType = sourcecode.c.objc; path = TTTabBarController.m; sourceTree = "<group>"; };
		14C6798424C2D5A600437167 /* TTTabBar.h */ = {isa = PBXFileReference; lastKnownFileType = sourcecode.c.h; path = TTTabBar.h; sourceTree = "<group>"; };
		14C6798524C2D5A600437167 /* TTTabBar.m */ = {isa = PBXFileReference; lastKnownFileType = sourcecode.c.objc; path = TTTabBar.m; sourceTree = "<group>"; };
/* End PBXFileReference section */

/* Begin PBXFrameworksBuildPhase section */
		14BBDF3024C28B99006C2B22 /* Frameworks */ = {
			isa = PBXFrameworksBuildPhase;
			buildActionMask = 2147483647;
			files = (
			);
			runOnlyForDeploymentPostprocessing = 0;
		};
/* End PBXFrameworksBuildPhase section */

/* Begin PBXGroup section */
		14880B5A24C28E50007F4139 /* Libs */ = {
			isa = PBXGroup;
			children = (
			);
			path = Libs;
			sourceTree = "<group>";
		};
		14880B5B24C28E51007F4139 /* Common */ = {
			isa = PBXGroup;
			children = (
			);
			path = Common;
			sourceTree = "<group>";
		};
		14880B5C24C28E51007F4139 /* Other */ = {
			isa = PBXGroup;
			children = (
				14880B5D24C28E51007F4139 /* AppDelegate.h */,
				14880B5F24C28E51007F4139 /* AppDelegate.m */,
				14880B6024C28E51007F4139 /* SceneDelegate.h */,
				14880B5E24C28E51007F4139 /* SceneDelegate.m */,
				14880B8724C290A9007F4139 /* PrefixHeader.pch */,
			);
			path = Other;
			sourceTree = "<group>";
		};
		14880B6124C28E51007F4139 /* Classes */ = {
			isa = PBXGroup;
			children = (
				14880B6224C28E51007F4139 /* Mylottery */,
				14880B6724C28E51007F4139 /* Discovery */,
				14880B6C24C28E51007F4139 /* History */,
				14880B7624C28E51007F4139 /* Arena */,
				14880B7B24C28E51007F4139 /* Main */,
				14880B8024C28E51007F4139 /* Hall */,
			);
			path = Classes;
			sourceTree = "<group>";
		};
		14880B6224C28E51007F4139 /* Mylottery */ = {
			isa = PBXGroup;
			children = (
				14880B6324C28E51007F4139 /* Others */,
				14880B6424C28E51007F4139 /* Models */,
				14880B6524C28E51007F4139 /* Controllers */,
				14880B6624C28E51007F4139 /* Views */,
			);
			path = Mylottery;
			sourceTree = "<group>";
		};
		14880B6324C28E51007F4139 /* Others */ = {
			isa = PBXGroup;
			children = (
			);
			path = Others;
			sourceTree = "<group>";
		};
		14880B6424C28E51007F4139 /* Models */ = {
			isa = PBXGroup;
			children = (
			);
			path = Models;
			sourceTree = "<group>";
		};
		14880B6524C28E51007F4139 /* Controllers */ = {
			isa = PBXGroup;
			children = (
			);
			path = Controllers;
			sourceTree = "<group>";
		};
		14880B6624C28E51007F4139 /* Views */ = {
			isa = PBXGroup;
			children = (
				14880B8A24C29676007F4139 /* Mylottery.storyboard */,
			);
			path = Views;
			sourceTree = "<group>";
		};
		14880B6724C28E51007F4139 /* Discovery */ = {
			isa = PBXGroup;
			children = (
				14880B6824C28E51007F4139 /* Others */,
				14880B6924C28E51007F4139 /* Models */,
				14880B6A24C28E51007F4139 /* Controllers */,
				14880B6B24C28E51007F4139 /* Views */,
			);
			path = Discovery;
			sourceTree = "<group>";
		};
		14880B6824C28E51007F4139 /* Others */ = {
			isa = PBXGroup;
			children = (
			);
			path = Others;
			sourceTree = "<group>";
		};
		14880B6924C28E51007F4139 /* Models */ = {
			isa = PBXGroup;
			children = (
			);
			path = Models;
			sourceTree = "<group>";
		};
		14880B6A24C28E51007F4139 /* Controllers */ = {
			isa = PBXGroup;
			children = (
			);
			path = Controllers;
			sourceTree = "<group>";
		};
		14880B6B24C28E51007F4139 /* Views */ = {
			isa = PBXGroup;
			children = (
				14880B8C24C296A0007F4139 /* Discovery.storyboard */,
			);
			path = Views;
			sourceTree = "<group>";
		};
		14880B6C24C28E51007F4139 /* History */ = {
			isa = PBXGroup;
			children = (
				14880B6D24C28E51007F4139 /* Others */,
				14880B6E24C28E51007F4139 /* Models */,
				14880B6F24C28E51007F4139 /* Controllers */,
				14880B7024C28E51007F4139 /* Views */,
			);
			path = History;
			sourceTree = "<group>";
		};
		14880B6D24C28E51007F4139 /* Others */ = {
			isa = PBXGroup;
			children = (
			);
			path = Others;
			sourceTree = "<group>";
		};
		14880B6E24C28E51007F4139 /* Models */ = {
			isa = PBXGroup;
			children = (
			);
			path = Models;
			sourceTree = "<group>";
		};
		14880B6F24C28E51007F4139 /* Controllers */ = {
			isa = PBXGroup;
			children = (
			);
			path = Controllers;
			sourceTree = "<group>";
		};
		14880B7024C28E51007F4139 /* Views */ = {
			isa = PBXGroup;
			children = (
				14880B8E24C296D9007F4139 /* History.storyboard */,
			);
			path = Views;
			sourceTree = "<group>";
		};
		14880B7624C28E51007F4139 /* Arena */ = {
			isa = PBXGroup;
			children = (
				14880B7724C28E51007F4139 /* Others */,
				14880B7824C28E51007F4139 /* Models */,
				14880B7924C28E51007F4139 /* Controllers */,
				14880B7A24C28E51007F4139 /* Views */,
			);
			path = Arena;
			sourceTree = "<group>";
		};
		14880B7724C28E51007F4139 /* Others */ = {
			isa = PBXGroup;
			children = (
			);
			path = Others;
			sourceTree = "<group>";
		};
		14880B7824C28E51007F4139 /* Models */ = {
			isa = PBXGroup;
			children = (
			);
			path = Models;
			sourceTree = "<group>";
		};
		14880B7924C28E51007F4139 /* Controllers */ = {
			isa = PBXGroup;
			children = (
			);
			path = Controllers;
			sourceTree = "<group>";
		};
		14880B7A24C28E51007F4139 /* Views */ = {
			isa = PBXGroup;
			children = (
				14880B9224C29701007F4139 /* Arena.storyboard */,
			);
			path = Views;
			sourceTree = "<group>";
		};
		14880B7B24C28E51007F4139 /* Main */ = {
			isa = PBXGroup;
			children = (
				14880B7C24C28E51007F4139 /* Others */,
				14880B7D24C28E51007F4139 /* Models */,
				14880B7E24C28E51007F4139 /* Controllers */,
				14880B7F24C28E51007F4139 /* Views */,
			);
			path = Main;
			sourceTree = "<group>";
		};
		14880B7C24C28E51007F4139 /* Others */ = {
			isa = PBXGroup;
			children = (
			);
			path = Others;
			sourceTree = "<group>";
		};
		14880B7D24C28E51007F4139 /* Models */ = {
			isa = PBXGroup;
			children = (
			);
			path = Models;
			sourceTree = "<group>";
		};
		14880B7E24C28E51007F4139 /* Controllers */ = {
			isa = PBXGroup;
			children = (
				14C6798124C2A47B00437167 /* TTTabBarController.h */,
				14C6798224C2A47B00437167 /* TTTabBarController.m */,
				142814BB24C2DE7800D917A9 /* TTNavigationController.h */,
				142814BC24C2DE7800D917A9 /* TTNavigationController.m */,
			);
			path = Controllers;
			sourceTree = "<group>";
		};
		14880B7F24C28E51007F4139 /* Views */ = {
			isa = PBXGroup;
			children = (
				14C6798424C2D5A600437167 /* TTTabBar.h */,
				14C6798524C2D5A600437167 /* TTTabBar.m */,
			);
			path = Views;
			sourceTree = "<group>";
		};
		14880B8024C28E51007F4139 /* Hall */ = {
			isa = PBXGroup;
			children = (
				14880B8124C28E51007F4139 /* Others */,
				14880B8224C28E51007F4139 /* Models */,
				14880B8324C28E51007F4139 /* Controllers */,
				14880B8424C28E51007F4139 /* Views */,
			);
			path = Hall;
			sourceTree = "<group>";
		};
		14880B8124C28E51007F4139 /* Others */ = {
			isa = PBXGroup;
			children = (
			);
			path = Others;
			sourceTree = "<group>";
		};
		14880B8224C28E51007F4139 /* Models */ = {
			isa = PBXGroup;
			children = (
			);
			path = Models;
			sourceTree = "<group>";
		};
		14880B8324C28E51007F4139 /* Controllers */ = {
			isa = PBXGroup;
			children = (
			);
			path = Controllers;
			sourceTree = "<group>";
		};
		14880B8424C28E51007F4139 /* Views */ = {
			isa = PBXGroup;
			children = (
				14880B8824C29580007F4139 /* Hall.storyboard */,
			);
			path = Views;
			sourceTree = "<group>";
		};
		14BBDF2A24C28B99006C2B22 = {
			isa = PBXGroup;
			children = (
				14BBDF3524C28B99006C2B22 /* 彩票App-基本框架 */,
				14BBDF3424C28B99006C2B22 /* Products */,
			);
			sourceTree = "<group>";
		};
		14BBDF3424C28B99006C2B22 /* Products */ = {
			isa = PBXGroup;
			children = (
				14BBDF3324C28B99006C2B22 /* 彩票App-基本框架.app */,
			);
			name = Products;
			sourceTree = "<group>";
		};
		14BBDF3524C28B99006C2B22 /* 彩票App-基本框架 */ = {
			isa = PBXGroup;
			children = (
				14880B6124C28E51007F4139 /* Classes */,
				14880B5B24C28E51007F4139 /* Common */,
				14880B5A24C28E50007F4139 /* Libs */,
				14880B5C24C28E51007F4139 /* Other */,
				14BBDF5624C28BED006C2B22 /* Supporting Files */,
				14BBDF4724C28B9A006C2B22 /* LaunchScreen.storyboard */,
			);
			path = "彩票App-基本框架";
			sourceTree = "<group>";
		};
		14BBDF5624C28BED006C2B22 /* Supporting Files */ = {
			isa = PBXGroup;
			children = (
				14BBDF4524C28B9A006C2B22 /* Assets.xcassets */,
				14BBDF4A24C28B9A006C2B22 /* Info.plist */,
				14BBDF4B24C28B9A006C2B22 /* main.m */,
				14BBDF4224C28B99006C2B22 /* __App_____.xcdatamodeld */,
			);
			name = "Supporting Files";
			sourceTree = "<group>";
		};
/* End PBXGroup section */

/* Begin PBXNativeTarget section */
		14BBDF3224C28B99006C2B22 /* 彩票App-基本框架 */ = {
			isa = PBXNativeTarget;
			buildConfigurationList = 14BBDF4F24C28B9A006C2B22 /* Build configuration list for PBXNativeTarget "彩票App-基本框架" */;
			buildPhases = (
				14BBDF2F24C28B99006C2B22 /* Sources */,
				14BBDF3024C28B99006C2B22 /* Frameworks */,
				14BBDF3124C28B99006C2B22 /* Resources */,
			);
			buildRules = (
			);
			dependencies = (
			);
			name = "彩票App-基本框架";
			productName = "彩票App-基本框架";
			productReference = 14BBDF3324C28B99006C2B22 /* 彩票App-基本框架.app */;
			productType = "com.apple.product-type.application";
		};
/* End PBXNativeTarget section */

/* Begin PBXProject section */
		14BBDF2B24C28B99006C2B22 /* Project object */ = {
			isa = PBXProject;
			attributes = {
				CLASSPREFIX = TT;
				LastUpgradeCheck = 1160;
				ORGANIZATIONNAME = "芝麻汤圆";
				TargetAttributes = {
					14BBDF3224C28B99006C2B22 = {
						CreatedOnToolsVersion = 11.6;
					};
				};
			};
			buildConfigurationList = 14BBDF2E24C28B99006C2B22 /* Build configuration list for PBXProject "彩票App-基本框架" */;
			compatibilityVersion = "Xcode 9.3";
			developmentRegion = en;
			hasScannedForEncodings = 0;
			knownRegions = (
				en,
				Base,
			);
			mainGroup = 14BBDF2A24C28B99006C2B22;
			productRefGroup = 14BBDF3424C28B99006C2B22 /* Products */;
			projectDirPath = "";
			projectRoot = "";
			targets = (
				14BBDF3224C28B99006C2B22 /* 彩票App-基本框架 */,
			);
		};
/* End PBXProject section */

/* Begin PBXResourcesBuildPhase section */
		14BBDF3124C28B99006C2B22 /* Resources */ = {
			isa = PBXResourcesBuildPhase;
			buildActionMask = 2147483647;
			files = (
				14880B8D24C296A0007F4139 /* Discovery.storyboard in Resources */,
				14880B8B24C29676007F4139 /* Mylottery.storyboard in Resources */,
				14BBDF4924C28B9A006C2B22 /* LaunchScreen.storyboard in Resources */,
				14BBDF4624C28B9A006C2B22 /* Assets.xcassets in Resources */,
				14880B8924C29580007F4139 /* Hall.storyboard in Resources */,
				14880B8F24C296D9007F4139 /* History.storyboard in Resources */,
				14880B9324C29701007F4139 /* Arena.storyboard in Resources */,
			);
			runOnlyForDeploymentPostprocessing = 0;
		};
/* End PBXResourcesBuildPhase section */

/* Begin PBXSourcesBuildPhase section */
		14BBDF2F24C28B99006C2B22 /* Sources */ = {
			isa = PBXSourcesBuildPhase;
			buildActionMask = 2147483647;
			files = (
				14880B8624C28E51007F4139 /* AppDelegate.m in Sources */,
				14C6798324C2A47B00437167 /* TTTabBarController.m in Sources */,
				14BBDF4C24C28B9A006C2B22 /* main.m in Sources */,
				142814BD24C2DE7800D917A9 /* TTNavigationController.m in Sources */,
				14C6798624C2D5A700437167 /* TTTabBar.m in Sources */,
				14880B8524C28E51007F4139 /* SceneDelegate.m in Sources */,
				14BBDF4424C28B99006C2B22 /* __App_____.xcdatamodeld in Sources */,
			);
			runOnlyForDeploymentPostprocessing = 0;
		};
/* End PBXSourcesBuildPhase section */

/* Begin PBXVariantGroup section */
		14BBDF4724C28B9A006C2B22 /* LaunchScreen.storyboard */ = {
			isa = PBXVariantGroup;
			children = (
				14BBDF4824C28B9A006C2B22 /* Base */,
			);
			name = LaunchScreen.storyboard;
			sourceTree = "<group>";
		};
/* End PBXVariantGroup section */

/* Begin XCBuildConfiguration section */
		14BBDF4D24C28B9A006C2B22 /* Debug */ = {
			isa = XCBuildConfiguration;
			buildSettings = {
				ALWAYS_SEARCH_USER_PATHS = NO;
				CLANG_ANALYZER_NONNULL = YES;
				CLANG_ANALYZER_NUMBER_OBJECT_CONVERSION = YES_AGGRESSIVE;
				CLANG_CXX_LANGUAGE_STANDARD = "gnu++14";
				CLANG_CXX_LIBRARY = "libc++";
				CLANG_ENABLE_MODULES = YES;
				CLANG_ENABLE_OBJC_ARC = YES;
				CLANG_ENABLE_OBJC_WEAK = YES;
				CLANG_WARN_BLOCK_CAPTURE_AUTORELEASING = YES;
				CLANG_WARN_BOOL_CONVERSION = YES;
				CLANG_WARN_COMMA = YES;
				CLANG_WARN_CONSTANT_CONVERSION = YES;
				CLANG_WARN_DEPRECATED_OBJC_IMPLEMENTATIONS = YES;
				CLANG_WARN_DIRECT_OBJC_ISA_USAGE = YES_ERROR;
				CLANG_WARN_DOCUMENTATION_COMMENTS = YES;
				CLANG_WARN_EMPTY_BODY = YES;
				CLANG_WARN_ENUM_CONVERSION = YES;
				CLANG_WARN_INFINITE_RECURSION = YES;
				CLANG_WARN_INT_CONVERSION = YES;
				CLANG_WARN_NON_LITERAL_NULL_CONVERSION = YES;
				CLANG_WARN_OBJC_IMPLICIT_RETAIN_SELF = YES;
				CLANG_WARN_OBJC_LITERAL_CONVERSION = YES;
				CLANG_WARN_OBJC_ROOT_CLASS = YES_ERROR;
				CLANG_WARN_RANGE_LOOP_ANALYSIS = YES;
				CLANG_WARN_STRICT_PROTOTYPES = YES;
				CLANG_WARN_SUSPICIOUS_MOVE = YES;
				CLANG_WARN_UNGUARDED_AVAILABILITY = YES_AGGRESSIVE;
				CLANG_WARN_UNREACHABLE_CODE = YES;
				CLANG_WARN__DUPLICATE_METHOD_MATCH = YES;
				COPY_PHASE_STRIP = NO;
				DEBUG_INFORMATION_FORMAT = dwarf;
				ENABLE_STRICT_OBJC_MSGSEND = YES;
				ENABLE_TESTABILITY = YES;
				GCC_C_LANGUAGE_STANDARD = gnu11;
				GCC_DYNAMIC_NO_PIC = NO;
				GCC_NO_COMMON_BLOCKS = YES;
				GCC_OPTIMIZATION_LEVEL = 0;
				GCC_PREPROCESSOR_DEFINITIONS = (
					"DEBUG=1",
					"$(inherited)",
				);
				GCC_WARN_64_TO_32_BIT_CONVERSION = YES;
				GCC_WARN_ABOUT_RETURN_TYPE = YES_ERROR;
				GCC_WARN_UNDECLARED_SELECTOR = YES;
				GCC_WARN_UNINITIALIZED_AUTOS = YES_AGGRESSIVE;
				GCC_WARN_UNUSED_FUNCTION = YES;
				GCC_WARN_UNUSED_VARIABLE = YES;
				IPHONEOS_DEPLOYMENT_TARGET = 13.6;
				MTL_ENABLE_DEBUG_INFO = INCLUDE_SOURCE;
				MTL_FAST_MATH = YES;
				ONLY_ACTIVE_ARCH = YES;
				SDKROOT = iphoneos;
			};
			name = Debug;
		};
		14BBDF4E24C28B9A006C2B22 /* Release */ = {
			isa = XCBuildConfiguration;
			buildSettings = {
				ALWAYS_SEARCH_USER_PATHS = NO;
				CLANG_ANALYZER_NONNULL = YES;
				CLANG_ANALYZER_NUMBER_OBJECT_CONVERSION = YES_AGGRESSIVE;
				CLANG_CXX_LANGUAGE_STANDARD = "gnu++14";
				CLANG_CXX_LIBRARY = "libc++";
				CLANG_ENABLE_MODULES = YES;
				CLANG_ENABLE_OBJC_ARC = YES;
				CLANG_ENABLE_OBJC_WEAK = YES;
				CLANG_WARN_BLOCK_CAPTURE_AUTORELEASING = YES;
				CLANG_WARN_BOOL_CONVERSION = YES;
				CLANG_WARN_COMMA = YES;
				CLANG_WARN_CONSTANT_CONVERSION = YES;
				CLANG_WARN_DEPRECATED_OBJC_IMPLEMENTATIONS = YES;
				CLANG_WARN_DIRECT_OBJC_ISA_USAGE = YES_ERROR;
				CLANG_WARN_DOCUMENTATION_COMMENTS = YES;
				CLANG_WARN_EMPTY_BODY = YES;
				CLANG_WARN_ENUM_CONVERSION = YES;
				CLANG_WARN_INFINITE_RECURSION = YES;
				CLANG_WARN_INT_CONVERSION = YES;
				CLANG_WARN_NON_LITERAL_NULL_CONVERSION = YES;
				CLANG_WARN_OBJC_IMPLICIT_RETAIN_SELF = YES;
				CLANG_WARN_OBJC_LITERAL_CONVERSION = YES;
				CLANG_WARN_OBJC_ROOT_CLASS = YES_ERROR;
				CLANG_WARN_RANGE_LOOP_ANALYSIS = YES;
				CLANG_WARN_STRICT_PROTOTYPES = YES;
				CLANG_WARN_SUSPICIOUS_MOVE = YES;
				CLANG_WARN_UNGUARDED_AVAILABILITY = YES_AGGRESSIVE;
				CLANG_WARN_UNREACHABLE_CODE = YES;
				CLANG_WARN__DUPLICATE_METHOD_MATCH = YES;
				COPY_PHASE_STRIP = NO;
				DEBUG_INFORMATION_FORMAT = "dwarf-with-dsym";
				ENABLE_NS_ASSERTIONS = NO;
				ENABLE_STRICT_OBJC_MSGSEND = YES;
				GCC_C_LANGUAGE_STANDARD = gnu11;
				GCC_NO_COMMON_BLOCKS = YES;
				GCC_WARN_64_TO_32_BIT_CONVERSION = YES;
				GCC_WARN_ABOUT_RETURN_TYPE = YES_ERROR;
				GCC_WARN_UNDECLARED_SELECTOR = YES;
				GCC_WARN_UNINITIALIZED_AUTOS = YES_AGGRESSIVE;
				GCC_WARN_UNUSED_FUNCTION = YES;
				GCC_WARN_UNUSED_VARIABLE = YES;
				IPHONEOS_DEPLOYMENT_TARGET = 13.6;
				MTL_ENABLE_DEBUG_INFO = NO;
				MTL_FAST_MATH = YES;
				SDKROOT = iphoneos;
				VALIDATE_PRODUCT = YES;
			};
			name = Release;
		};
		14BBDF5024C28B9A006C2B22 /* Debug */ = {
			isa = XCBuildConfiguration;
			buildSettings = {
				ASSETCATALOG_COMPILER_APPICON_NAME = AppIcon;
				CODE_SIGN_STYLE = Automatic;
				DEVELOPMENT_TEAM = ZH6FW93MWB;
				GCC_PREFIX_HEADER = "彩票App-基本框架/Other/PrefixHeader.pch";
				INFOPLIST_FILE = "彩票App-基本框架/Info.plist";
				LD_RUNPATH_SEARCH_PATHS = (
					"$(inherited)",
					"@executable_path/Frameworks",
				);
				PRODUCT_BUNDLE_IDENTIFIER = "com.zhimatangyuan.--App-----";
				PRODUCT_NAME = "$(TARGET_NAME)";
				TARGETED_DEVICE_FAMILY = "1,2";
			};
			name = Debug;
		};
		14BBDF5124C28B9A006C2B22 /* Release */ = {
			isa = XCBuildConfiguration;
			buildSettings = {
				ASSETCATALOG_COMPILER_APPICON_NAME = AppIcon;
				CODE_SIGN_STYLE = Automatic;
				DEVELOPMENT_TEAM = ZH6FW93MWB;
				GCC_PREFIX_HEADER = "彩票App-基本框架/Other/PrefixHeader.pch";
				INFOPLIST_FILE = "彩票App-基本框架/Info.plist";
				LD_RUNPATH_SEARCH_PATHS = (
					"$(inherited)",
					"@executable_path/Frameworks",
				);
				PRODUCT_BUNDLE_IDENTIFIER = "com.zhimatangyuan.--App-----";
				PRODUCT_NAME = "$(TARGET_NAME)";
				TARGETED_DEVICE_FAMILY = "1,2";
			};
			name = Release;
		};
/* End XCBuildConfiguration section */

/* Begin XCConfigurationList section */
		14BBDF2E24C28B99006C2B22 /* Build configuration list for PBXProject "彩票App-基本框架" */ = {
			isa = XCConfigurationList;
			buildConfigurations = (
				14BBDF4D24C28B9A006C2B22 /* Debug */,
				14BBDF4E24C28B9A006C2B22 /* Release */,
			);
			defaultConfigurationIsVisible = 0;
			defaultConfigurationName = Release;
		};
		14BBDF4F24C28B9A006C2B22 /* Build configuration list for PBXNativeTarget "彩票App-基本框架" */ = {
			isa = XCConfigurationList;
			buildConfigurations = (
				14BBDF5024C28B9A006C2B22 /* Debug */,
				14BBDF5124C28B9A006C2B22 /* Release */,
			);
			defaultConfigurationIsVisible = 0;
			defaultConfigurationName = Release;
		};
/* End XCConfigurationList section */

/* Begin XCVersionGroup section */
		14BBDF4224C28B99006C2B22 /* __App_____.xcdatamodeld */ = {
			isa = XCVersionGroup;
			children = (
				14BBDF4324C28B99006C2B22 /* __App_____.xcdatamodel */,
			);
			currentVersion = 14BBDF4324C28B99006C2B22 /* __App_____.xcdatamodel */;
			path = "__App_____.xcdatamodeld";
			sourceTree = "<group>";
			versionGroupType = wrapper.xcdatamodel;
		};
/* End XCVersionGroup section */
	};
	rootObject = 14BBDF2B24C28B99006C2B22 /* Project object */;
}
